
Microsoft Visual Studio Solution File, Format Version 12.00
# Visual Studio Version 16
VisualStudioVersion = 16.0.28922.388
MinimumVisualStudioVersion = 10.0.40219.1
Project("{9A19103F-16F7-4668-BE54-9A1E7A4F7556}") = "Starlemon", "Starlemon\Starlemon.csproj", "{5A9B5D58-97B6-4485-AC5F-99CFAA6BAD4C}"
EndProject
Project("{FAE04EC0-301F-11D3-BF4B-00C04F79EFBC}") = "Starlemon.Models", "Starlemon.Models\Starlemon.Models.csproj", "{3228E77E-5194-4205-8DBF-1D4E87ED2307}"
EndProject
Global
	GlobalSection(SolutionConfigurationPlatforms) = preSolution
		Debug|Any CPU = Debug|Any CPU
		Release|Any CPU = Release|Any CPU
	EndGlobalSection
	GlobalSection(ProjectConfigurationPlatforms) = postSolution
		{5A9B5D58-97B6-4485-AC5F-99CFAA6BAD4C}.Debug|Any CPU.ActiveCfg = Debug|Any CPU
		{5A9B5D58-97B6-4485-AC5F-99CFAA6BAD4C}.Debug|Any CPU.Build.0 = Debug|Any CPU
		{5A9B5D58-97B6-4485-AC5F-99CFAA6BAD4C}.Release|Any CPU.ActiveCfg = Release|Any CPU
		{5A9B5D58-97B6-4485-AC5F-99CFAA6BAD4C}.Release|Any CPU.Build.0 = Release|Any CPU
		{3228E77E-5194-4205-8DBF-1D4E87ED2307}.Debug|Any CPU.ActiveCfg = Debug|Any CPU
		{3228E77E-5194-4205-8DBF-1D4E87ED2307}.Debug|Any CPU.Build.0 = Debug|Any CPU
		{3228E77E-5194-4205-8DBF-1D4E87ED2307}.Release|Any CPU.ActiveCfg = Release|Any CPU
		{3228E77E-5194-4205-8DBF-1D4E87ED2307}.Release|Any CPU.Build.0 = Release|Any CPU
	EndGlobalSection
	GlobalSection(SolutionProperties) = preSolution
		HideSolutionNode = FALSE
	EndGlobalSection
	GlobalSection(ExtensibilityGlobals) = postSolution
		SolutionGuid = {A326C64D-E939-44B8-ACBB-0A346E665159}
	EndGlobalSection
EndGlobal
